version = 1
revision = 2
requires-python = ">=3.12"

[[package]]
name = "pyaudio"
version = "0.2.14"
source = { registry = "https://pypi.org/simple" }
sdist = { url = "https://files.pythonhosted.org/packages/26/1d/8878c7752febb0f6716a7e1a52cb92ac98871c5aa522cba181878091607c/PyAudio-0.2.14.tar.gz", hash = "sha256:78dfff3879b4994d1f4fc6485646a57755c6ee3c19647a491f790a0895bd2f87", size = 47066, upload-time = "2023-11-07T07:11:48.806Z" }
wheels = [
    { url = "https://files.pythonhosted.org/packages/8d/45/8d2b76e8f6db783f9326c1305f3f816d4a12c8eda5edc6a2e1d03c097c3b/PyAudio-0.2.14-cp312-cp312-win32.whl", hash = "sha256:5fce4bcdd2e0e8c063d835dbe2860dac46437506af509353c7f8114d4bacbd5b", size = 144750, upload-time = "2023-11-07T07:11:40.142Z" },
    { url = "https://files.pythonhosted.org/packages/b0/6a/d25812e5f79f06285767ec607b39149d02aa3b31d50c2269768f48768930/PyAudio-0.2.14-cp312-cp312-win_amd64.whl", hash = "sha256:12f2f1ba04e06ff95d80700a78967897a489c05e093e3bffa05a84ed9c0a7fa3", size = 164126, upload-time = "2023-11-07T07:11:41.539Z" },
    { url = "https://files.pythonhosted.org/packages/3a/77/66cd37111a87c1589b63524f3d3c848011d21ca97828422c7fde7665ff0d/PyAudio-0.2.14-cp313-cp313-win32.whl", hash = "sha256:95328285b4dab57ea8c52a4a996cb52be6d629353315be5bfda403d15932a497", size = 150982, upload-time = "2024-11-20T19:12:12.404Z" },
    { url = "https://files.pythonhosted.org/packages/a5/8b/7f9a061c1cc2b230f9ac02a6003fcd14c85ce1828013aecbaf45aa988d20/PyAudio-0.2.14-cp313-cp313-win_amd64.whl", hash = "sha256:692d8c1446f52ed2662120bcd9ddcb5aa2b71f38bda31e58b19fb4672fffba69", size = 173655, upload-time = "2024-11-20T19:12:13.616Z" },
]

[[package]]
name = "python-dotenv"
version = "1.1.1"
source = { registry = "https://pypi.org/simple" }
sdist = { url = "https://files.pythonhosted.org/packages/f6/b0/4bc07ccd3572a2f9df7e6782f52b0c6c90dcbb803ac4a167702d7d0dfe1e/python_dotenv-1.1.1.tar.gz", hash = "sha256:a8a6399716257f45be6a007360200409fce5cda2661e3dec71d23dc15f6189ab", size = 41978, upload-time = "2025-06-24T04:21:07.341Z" }
wheels = [
    { url = "https://files.pythonhosted.org/packages/5f/ed/539768cf28c661b5b068d66d96a2f155c4971a5d55684a514c1a0e0dec2f/python_dotenv-1.1.1-py3-none-any.whl", hash = "sha256:31f23644fe2602f88ff55e1f5c79ba497e01224ee7737937930c448e4d0e24dc", size = 20556, upload-time = "2025-06-24T04:21:06.073Z" },
]

[[package]]
name = "transcriber"
version = "0.1.0"
source = { editable = "." }
dependencies = [
    { name = "pyaudio" },
    { name = "python-dotenv" },
    { name = "websocket-client" },
]

[package.metadata]
requires-dist = [
    { name = "pyaudio", specifier = ">=0.2.14" },
    { name = "python-dotenv", specifier = ">=1.0.0" },
    { name = "websocket-client", specifier = ">=1.7.0" },
]

[[package]]
name = "websocket-client"
version = "1.9.0"
source = { registry = "https://pypi.org/simple" }
sdist = { url = "https://files.pythonhosted.org/packages/2c/41/aa4bf9664e4cda14c3b39865b12251e8e7d239f4cd0e3cc1b6c2ccde25c1/websocket_client-1.9.0.tar.gz", hash = "sha256:9e813624b6eb619999a97dc7958469217c3176312b3a16a4bd1bc7e08a46ec98", size = 70576, upload-time = "2025-10-07T21:16:36.495Z" }
wheels = [
    { url = "https://files.pythonhosted.org/packages/34/db/b10e48aa8fff7407e67470363eac595018441cf32d5e1001567a7aeba5d2/websocket_client-1.9.0-py3-none-any.whl", hash = "sha256:af248a825037ef591efbf6ed20cc5faa03d3b47b9e5a2230a529eeee1c1fc3ef", size = 82616, upload-time = "2025-10-07T21:16:34.951Z" },
]
